// !$*UTF8*$!
{
	archiveVersion = 1;
	classes = {
	};
	objectVersion = 46;
	objects = {

/* Begin PBXBuildFile section */
		1B1C34D51E82710D00161873 /* HockeySDK.framework in Frameworks */ = {isa = PBXBuildFile; fileRef = 1B1C34D31E82710D00161873 /* HockeySDK.framework */; };
		1B1C34D61E82710D00161873 /* HockeySDKResources.bundle in Resources */ = {isa = PBXBuildFile; fileRef = 1B1C34D41E82710D00161873 /* HockeySDKResources.bundle */; };
		1B3BD5A41E67FF5B001087B2 /* HistoryTableCellView.swift in Sources */ = {isa = PBXBuildFile; fileRef = 1B3BD5A31E67FF5B001087B2 /* HistoryTableCellView.swift */; };
		1B3BD5A61E6804F9001087B2 /* History.swift in Sources */ = {isa = PBXBuildFile; fileRef = 1B3BD5A51E6804F9001087B2 /* History.swift */; };
		1B3BD5ED1E69871E001087B2 /* SwiftR.swift in Sources */ = {isa = PBXBuildFile; fileRef = 1B3BD5E01E69871E001087B2 /* SwiftR.swift */; };
		1B3BD5EE1E69871E001087B2 /* jquery-2.1.3.min.js in Resources */ = {isa = PBXBuildFile; fileRef = 1B3BD5E21E69871E001087B2 /* jquery-2.1.3.min.js */; };
		1B3BD5EF1E69871E001087B2 /* jquery.signalr-2.0.0.min.js in Resources */ = {isa = PBXBuildFile; fileRef = 1B3BD5E31E69871E001087B2 /* jquery.signalr-2.0.0.min.js */; };
		1B3BD5F01E69871E001087B2 /* jquery.signalr-2.0.1.min.js in Resources */ = {isa = PBXBuildFile; fileRef = 1B3BD5E41E69871E001087B2 /* jquery.signalr-2.0.1.min.js */; };
		1B3BD5F11E69871E001087B2 /* jquery.signalr-2.0.2.min.js in Resources */ = {isa = PBXBuildFile; fileRef = 1B3BD5E51E69871E001087B2 /* jquery.signalr-2.0.2.min.js */; };
		1B3BD5F21E69871E001087B2 /* jquery.signalr-2.0.3.min.js in Resources */ = {isa = PBXBuildFile; fileRef = 1B3BD5E61E69871E001087B2 /* jquery.signalr-2.0.3.min.js */; };
		1B3BD5F31E69871E001087B2 /* jquery.signalr-2.1.0.min.js in Resources */ = {isa = PBXBuildFile; fileRef = 1B3BD5E71E69871E001087B2 /* jquery.signalr-2.1.0.min.js */; };
		1B3BD5F41E69871E001087B2 /* jquery.signalr-2.1.1.min.js in Resources */ = {isa = PBXBuildFile; fileRef = 1B3BD5E81E69871E001087B2 /* jquery.signalr-2.1.1.min.js */; };
		1B3BD5F51E69871E001087B2 /* jquery.signalr-2.1.2.min.js in Resources */ = {isa = PBXBuildFile; fileRef = 1B3BD5E91E69871E001087B2 /* jquery.signalr-2.1.2.min.js */; };
		1B3BD5F61E69871E001087B2 /* jquery.signalr-2.2.0.min.js in Resources */ = {isa = PBXBuildFile; fileRef = 1B3BD5EA1E69871E001087B2 /* jquery.signalr-2.2.0.min.js */; };
		1B3BD5F71E69871E001087B2 /* jquery.signalr-2.2.1.min.js in Resources */ = {isa = PBXBuildFile; fileRef = 1B3BD5EB1E69871E001087B2 /* jquery.signalr-2.2.1.min.js */; };
		1B3BD5F81E69871E001087B2 /* SwiftR.js in Resources */ = {isa = PBXBuildFile; fileRef = 1B3BD5EC1E69871E001087B2 /* SwiftR.js */; };
		1B3BD5FA1E698816001087B2 /* SignalRManager.swift in Sources */ = {isa = PBXBuildFile; fileRef = 1B3BD5F91E698816001087B2 /* SignalRManager.swift */; };
		1BEA51331E65B525003492A6 /* BasicInfoTableCellView.swift in Sources */ = {isa = PBXBuildFile; fileRef = 1BEA51321E65B525003492A6 /* BasicInfoTableCellView.swift */; };
		1BEA51351E66B841003492A6 /* BasicInfoModel.swift in Sources */ = {isa = PBXBuildFile; fileRef = 1BEA51341E66B841003492A6 /* BasicInfoModel.swift */; };
		3F119AAD1E66F3990070F585 /* SensorEvent.swift in Sources */ = {isa = PBXBuildFile; fileRef = 3F119AAC1E66F3990070F585 /* SensorEvent.swift */; };
		3F119AAF1E66F4420070F585 /* BasicInformationTableCellView.swift in Sources */ = {isa = PBXBuildFile; fileRef = 3F119AAE1E66F4420070F585 /* BasicInformationTableCellView.swift */; };
		3F119AB11E66F7400070F585 /* DataAdapter.swift in Sources */ = {isa = PBXBuildFile; fileRef = 3F119AB01E66F7400070F585 /* DataAdapter.swift */; };
		3F119AB31E67072C0070F585 /* SensorEventTableCellView.swift in Sources */ = {isa = PBXBuildFile; fileRef = 3F119AB21E67072B0070F585 /* SensorEventTableCellView.swift */; };
		3F13C7631E65884200ADE303 /* AppDelegate.swift in Sources */ = {isa = PBXBuildFile; fileRef = 3F13C7621E65884200ADE303 /* AppDelegate.swift */; };
		3F13C7651E65884200ADE303 /* TabController.swift in Sources */ = {isa = PBXBuildFile; fileRef = 3F13C7641E65884200ADE303 /* TabController.swift */; };
		3F13C7681E65884200ADE303 /* Main.storyboard in Resources */ = {isa = PBXBuildFile; fileRef = 3F13C7661E65884200ADE303 /* Main.storyboard */; };
		3F13C76A1E65884200ADE303 /* Assets.xcassets in Resources */ = {isa = PBXBuildFile; fileRef = 3F13C7691E65884200ADE303 /* Assets.xcassets */; };
		3F13C76D1E65884200ADE303 /* LaunchScreen.storyboard in Resources */ = {isa = PBXBuildFile; fileRef = 3F13C76B1E65884200ADE303 /* LaunchScreen.storyboard */; };
		3F13C7781E65884200ADE303 /* IOTTests.swift in Sources */ = {isa = PBXBuildFile; fileRef = 3F13C7771E65884200ADE303 /* IOTTests.swift */; };
		3F13C7831E65884200ADE303 /* IOTUITests.swift in Sources */ = {isa = PBXBuildFile; fileRef = 3F13C7821E65884200ADE303 /* IOTUITests.swift */; };
		3F13C7911E658AE700ADE303 /* TemperatureController.swift in Sources */ = {isa = PBXBuildFile; fileRef = 3F13C7901E658AE700ADE303 /* TemperatureController.swift */; };
		3F13C7931E658AF500ADE303 /* GpsController.swift in Sources */ = {isa = PBXBuildFile; fileRef = 3F13C7921E658AF500ADE303 /* GpsController.swift */; };
		3FA7FF801E699DBE0085AA34 /* ATKit.framework in Frameworks */ = {isa = PBXBuildFile; fileRef = 3F325B1E1E68592E00204D3B /* ATKit.framework */; };
		3FA7FF811E699DBE0085AA34 /* ATKit.framework in Embed Frameworks */ = {isa = PBXBuildFile; fileRef = 3F325B1E1E68592E00204D3B /* ATKit.framework */; settings = {ATTRIBUTES = (CodeSignOnCopy, RemoveHeadersOnCopy, ); }; };
/* End PBXBuildFile section */

/* Begin PBXContainerItemProxy section */
		3F13C7741E65884200ADE303 /* PBXContainerItemProxy */ = {
			isa = PBXContainerItemProxy;
			containerPortal = 3F13C7571E65884100ADE303 /* Project object */;
			proxyType = 1;
			remoteGlobalIDString = 3F13C75E1E65884100ADE303;
			remoteInfo = IOT;
		};
		3F13C77F1E65884200ADE303 /* PBXContainerItemProxy */ = {
			isa = PBXContainerItemProxy;
			containerPortal = 3F13C7571E65884100ADE303 /* Project object */;
			proxyType = 1;
			remoteGlobalIDString = 3F13C75E1E65884100ADE303;
			remoteInfo = IOT;
		};
/* End PBXContainerItemProxy section */

/* Begin PBXCopyFilesBuildPhase section */
		3FA7FF821E699DBE0085AA34 /* Embed Frameworks */ = {
			isa = PBXCopyFilesBuildPhase;
			buildActionMask = 2147483647;
			dstPath = "";
			dstSubfolderSpec = 10;
			files = (
				3FA7FF811E699DBE0085AA34 /* ATKit.framework in Embed Frameworks */,
			);
			name = "Embed Frameworks";
			runOnlyForDeploymentPostprocessing = 0;
		};
/* End PBXCopyFilesBuildPhase section */

/* Begin PBXFileReference section */
		1B1C34D31E82710D00161873 /* HockeySDK.framework */ = {isa = PBXFileReference; lastKnownFileType = wrapper.framework; path = HockeySDK.framework; sourceTree = "<group>"; };
		1B1C34D41E82710D00161873 /* HockeySDKResources.bundle */ = {isa = PBXFileReference; lastKnownFileType = "wrapper.plug-in"; path = HockeySDKResources.bundle; sourceTree = "<group>"; };
		1B3BD5A31E67FF5B001087B2 /* HistoryTableCellView.swift */ = {isa = PBXFileReference; fileEncoding = 4; lastKnownFileType = sourcecode.swift; path = HistoryTableCellView.swift; sourceTree = "<group>"; };
		1B3BD5A51E6804F9001087B2 /* History.swift */ = {isa = PBXFileReference; fileEncoding = 4; lastKnownFileType = sourcecode.swift; path = History.swift; sourceTree = "<group>"; };
		1B3BD5E01E69871E001087B2 /* SwiftR.swift */ = {isa = PBXFileReference; fileEncoding = 4; lastKnownFileType = sourcecode.swift; path = SwiftR.swift; sourceTree = "<group>"; };
		1B3BD5E21E69871E001087B2 /* jquery-2.1.3.min.js */ = {isa = PBXFileReference; fileEncoding = 4; lastKnownFileType = sourcecode.javascript; path = "jquery-2.1.3.min.js"; sourceTree = "<group>"; };
		1B3BD5E31E69871E001087B2 /* jquery.signalr-2.0.0.min.js */ = {isa = PBXFileReference; fileEncoding = 4; lastKnownFileType = sourcecode.javascript; path = "jquery.signalr-2.0.0.min.js"; sourceTree = "<group>"; };
		1B3BD5E41E69871E001087B2 /* jquery.signalr-2.0.1.min.js */ = {isa = PBXFileReference; fileEncoding = 4; lastKnownFileType = sourcecode.javascript; path = "jquery.signalr-2.0.1.min.js"; sourceTree = "<group>"; };
		1B3BD5E51E69871E001087B2 /* jquery.signalr-2.0.2.min.js */ = {isa = PBXFileReference; fileEncoding = 4; lastKnownFileType = sourcecode.javascript; path = "jquery.signalr-2.0.2.min.js"; sourceTree = "<group>"; };
		1B3BD5E61E69871E001087B2 /* jquery.signalr-2.0.3.min.js */ = {isa = PBXFileReference; fileEncoding = 4; lastKnownFileType = sourcecode.javascript; path = "jquery.signalr-2.0.3.min.js"; sourceTree = "<group>"; };
		1B3BD5E71E69871E001087B2 /* jquery.signalr-2.1.0.min.js */ = {isa = PBXFileReference; fileEncoding = 4; lastKnownFileType = sourcecode.javascript; path = "jquery.signalr-2.1.0.min.js"; sourceTree = "<group>"; };
		1B3BD5E81E69871E001087B2 /* jquery.signalr-2.1.1.min.js */ = {isa = PBXFileReference; fileEncoding = 4; lastKnownFileType = sourcecode.javascript; path = "jquery.signalr-2.1.1.min.js"; sourceTree = "<group>"; };
		1B3BD5E91E69871E001087B2 /* jquery.signalr-2.1.2.min.js */ = {isa = PBXFileReference; fileEncoding = 4; lastKnownFileType = sourcecode.javascript; path = "jquery.signalr-2.1.2.min.js"; sourceTree = "<group>"; };
		1B3BD5EA1E69871E001087B2 /* jquery.signalr-2.2.0.min.js */ = {isa = PBXFileReference; fileEncoding = 4; lastKnownFileType = sourcecode.javascript; path = "jquery.signalr-2.2.0.min.js"; sourceTree = "<group>"; };
		1B3BD5EB1E69871E001087B2 /* jquery.signalr-2.2.1.min.js */ = {isa = PBXFileReference; fileEncoding = 4; lastKnownFileType = sourcecode.javascript; path = "jquery.signalr-2.2.1.min.js"; sourceTree = "<group>"; };
		1B3BD5EC1E69871E001087B2 /* SwiftR.js */ = {isa = PBXFileReference; fileEncoding = 4; lastKnownFileType = sourcecode.javascript; path = SwiftR.js; sourceTree = "<group>"; };
		1B3BD5F91E698816001087B2 /* SignalRManager.swift */ = {isa = PBXFileReference; fileEncoding = 4; lastKnownFileType = sourcecode.swift; path = SignalRManager.swift; sourceTree = "<group>"; };
		1BEA51321E65B525003492A6 /* BasicInfoTableCellView.swift */ = {isa = PBXFileReference; fileEncoding = 4; lastKnownFileType = sourcecode.swift; path = BasicInfoTableCellView.swift; sourceTree = "<group>"; };
		1BEA51341E66B841003492A6 /* BasicInfoModel.swift */ = {isa = PBXFileReference; fileEncoding = 4; lastKnownFileType = sourcecode.swift; path = BasicInfoModel.swift; sourceTree = "<group>"; };
		3F119AAC1E66F3990070F585 /* SensorEvent.swift */ = {isa = PBXFileReference; fileEncoding = 4; lastKnownFileType = sourcecode.swift; path = SensorEvent.swift; sourceTree = "<group>"; };
		3F119AAE1E66F4420070F585 /* BasicInformationTableCellView.swift */ = {isa = PBXFileReference; fileEncoding = 4; lastKnownFileType = sourcecode.swift; path = BasicInformationTableCellView.swift; sourceTree = "<group>"; };
		3F119AB01E66F7400070F585 /* DataAdapter.swift */ = {isa = PBXFileReference; fileEncoding = 4; lastKnownFileType = sourcecode.swift; path = DataAdapter.swift; sourceTree = "<group>"; };
		3F119AB21E67072B0070F585 /* SensorEventTableCellView.swift */ = {isa = PBXFileReference; fileEncoding = 4; lastKnownFileType = sourcecode.swift; path = SensorEventTableCellView.swift; sourceTree = "<group>"; };
		3F13C75F1E65884200ADE303 /* IOT.app */ = {isa = PBXFileReference; explicitFileType = wrapper.application; includeInIndex = 0; path = IOT.app; sourceTree = BUILT_PRODUCTS_DIR; };
		3F13C7621E65884200ADE303 /* AppDelegate.swift */ = {isa = PBXFileReference; lastKnownFileType = sourcecode.swift; path = AppDelegate.swift; sourceTree = "<group>"; };
		3F13C7641E65884200ADE303 /* TabController.swift */ = {isa = PBXFileReference; lastKnownFileType = sourcecode.swift; path = TabController.swift; sourceTree = "<group>"; };
		3F13C7671E65884200ADE303 /* Base */ = {isa = PBXFileReference; lastKnownFileType = file.storyboard; name = Base; path = Base.lproj/Main.storyboard; sourceTree = "<group>"; };
		3F13C7691E65884200ADE303 /* Assets.xcassets */ = {isa = PBXFileReference; lastKnownFileType = folder.assetcatalog; path = Assets.xcassets; sourceTree = "<group>"; };
		3F13C76C1E65884200ADE303 /* Base */ = {isa = PBXFileReference; lastKnownFileType = file.storyboard; name = Base; path = Base.lproj/LaunchScreen.storyboard; sourceTree = "<group>"; };
		3F13C76E1E65884200ADE303 /* Info.plist */ = {isa = PBXFileReference; lastKnownFileType = text.plist.xml; path = Info.plist; sourceTree = "<group>"; };
		3F13C7731E65884200ADE303 /* IOTTests.xctest */ = {isa = PBXFileReference; explicitFileType = wrapper.cfbundle; includeInIndex = 0; path = IOTTests.xctest; sourceTree = BUILT_PRODUCTS_DIR; };
		3F13C7771E65884200ADE303 /* IOTTests.swift */ = {isa = PBXFileReference; lastKnownFileType = sourcecode.swift; path = IOTTests.swift; sourceTree = "<group>"; };
		3F13C7791E65884200ADE303 /* Info.plist */ = {isa = PBXFileReference; lastKnownFileType = text.plist.xml; path = Info.plist; sourceTree = "<group>"; };
		3F13C77E1E65884200ADE303 /* IOTUITests.xctest */ = {isa = PBXFileReference; explicitFileType = wrapper.cfbundle; includeInIndex = 0; path = IOTUITests.xctest; sourceTree = BUILT_PRODUCTS_DIR; };
		3F13C7821E65884200ADE303 /* IOTUITests.swift */ = {isa = PBXFileReference; lastKnownFileType = sourcecode.swift; path = IOTUITests.swift; sourceTree = "<group>"; };
		3F13C7841E65884200ADE303 /* Info.plist */ = {isa = PBXFileReference; lastKnownFileType = text.plist.xml; path = Info.plist; sourceTree = "<group>"; };
		3F13C7901E658AE700ADE303 /* TemperatureController.swift */ = {isa = PBXFileReference; fileEncoding = 4; lastKnownFileType = sourcecode.swift; path = TemperatureController.swift; sourceTree = "<group>"; };
		3F13C7921E658AF500ADE303 /* GpsController.swift */ = {isa = PBXFileReference; fileEncoding = 4; lastKnownFileType = sourcecode.swift; path = GpsController.swift; sourceTree = "<group>"; };
		3F325B1E1E68592E00204D3B /* ATKit.framework */ = {isa = PBXFileReference; lastKnownFileType = wrapper.framework; path = ATKit.framework; sourceTree = "<group>"; };
/* End PBXFileReference section */

/* Begin PBXFrameworksBuildPhase section */
		3F13C75C1E65884100ADE303 /* Frameworks */ = {
			isa = PBXFrameworksBuildPhase;
			buildActionMask = 2147483647;
			files = (
				1B1C34D51E82710D00161873 /* HockeySDK.framework in Frameworks */,
				3FA7FF801E699DBE0085AA34 /* ATKit.framework in Frameworks */,
			);
			runOnlyForDeploymentPostprocessing = 0;
		};
		3F13C7701E65884200ADE303 /* Frameworks */ = {
			isa = PBXFrameworksBuildPhase;
			buildActionMask = 2147483647;
			files = (
			);
			runOnlyForDeploymentPostprocessing = 0;
		};
		3F13C77B1E65884200ADE303 /* Frameworks */ = {
			isa = PBXFrameworksBuildPhase;
			buildActionMask = 2147483647;
			files = (
			);
			runOnlyForDeploymentPostprocessing = 0;
		};
/* End PBXFrameworksBuildPhase section */

/* Begin PBXGroup section */
		1B1C34D21E82710D00161873 /* HockeySDK-iOS */ = {
			isa = PBXGroup;
			children = (
				1B1C34D31E82710D00161873 /* HockeySDK.framework */,
				1B1C34D41E82710D00161873 /* HockeySDKResources.bundle */,
			);
			path = "HockeySDK-iOS";
			sourceTree = "<group>";
		};
		1B3BD5DF1E69871E001087B2 /* SwiftR */ = {
			isa = PBXGroup;
			children = (
				1B3BD5E01E69871E001087B2 /* SwiftR.swift */,
				1B3BD5E11E69871E001087B2 /* Web */,
			);
			path = SwiftR;
			sourceTree = "<group>";
		};
		1B3BD5E11E69871E001087B2 /* Web */ = {
			isa = PBXGroup;
			children = (
				1B3BD5E21E69871E001087B2 /* jquery-2.1.3.min.js */,
				1B3BD5E31E69871E001087B2 /* jquery.signalr-2.0.0.min.js */,
				1B3BD5E41E69871E001087B2 /* jquery.signalr-2.0.1.min.js */,
				1B3BD5E51E69871E001087B2 /* jquery.signalr-2.0.2.min.js */,
				1B3BD5E61E69871E001087B2 /* jquery.signalr-2.0.3.min.js */,
				1B3BD5E71E69871E001087B2 /* jquery.signalr-2.1.0.min.js */,
				1B3BD5E81E69871E001087B2 /* jquery.signalr-2.1.1.min.js */,
				1B3BD5E91E69871E001087B2 /* jquery.signalr-2.1.2.min.js */,
				1B3BD5EA1E69871E001087B2 /* jquery.signalr-2.2.0.min.js */,
				1B3BD5EB1E69871E001087B2 /* jquery.signalr-2.2.1.min.js */,
				1B3BD5EC1E69871E001087B2 /* SwiftR.js */,
			);
			path = Web;
			sourceTree = "<group>";
		};
		3F119AAB1E66F3990070F585 /* Models */ = {
			isa = PBXGroup;
			children = (
				3F119AAC1E66F3990070F585 /* SensorEvent.swift */,
			);
			path = Models;
			sourceTree = "<group>";
		};
		3F13C7561E65884100ADE303 = {
			isa = PBXGroup;
			children = (
				3F13C7611E65884200ADE303 /* IOT */,
				3F13C7761E65884200ADE303 /* IOTTests */,
				3F13C7811E65884200ADE303 /* IOTUITests */,
				3F13C7601E65884200ADE303 /* Products */,
			);
			sourceTree = "<group>";
		};
		3F13C7601E65884200ADE303 /* Products */ = {
			isa = PBXGroup;
			children = (
				3F13C75F1E65884200ADE303 /* IOT.app */,
				3F13C7731E65884200ADE303 /* IOTTests.xctest */,
				3F13C77E1E65884200ADE303 /* IOTUITests.xctest */,
			);
			name = Products;
			sourceTree = "<group>";
		};
		3F13C7611E65884200ADE303 /* IOT */ = {
			isa = PBXGroup;
			children = (
				3F325B1D1E68592E00204D3B /* ThirdParty */,
				3F119AAB1E66F3990070F585 /* Models */,
				3F13C7621E65884200ADE303 /* AppDelegate.swift */,
				3F13C7641E65884200ADE303 /* TabController.swift */,
				3F13C7901E658AE700ADE303 /* TemperatureController.swift */,
				3F119AAE1E66F4420070F585 /* BasicInformationTableCellView.swift */,
				3F119AB21E67072B0070F585 /* SensorEventTableCellView.swift */,
				3F13C7921E658AF500ADE303 /* GpsController.swift */,
				1BEA51321E65B525003492A6 /* BasicInfoTableCellView.swift */,
				1B3BD5A31E67FF5B001087B2 /* HistoryTableCellView.swift */,
				1BEA51341E66B841003492A6 /* BasicInfoModel.swift */,
				3F119AB01E66F7400070F585 /* DataAdapter.swift */,
				1B3BD5F91E698816001087B2 /* SignalRManager.swift */,
				1B3BD5A51E6804F9001087B2 /* History.swift */,
				3F13C7661E65884200ADE303 /* Main.storyboard */,
				3F13C7691E65884200ADE303 /* Assets.xcassets */,
				3F13C76B1E65884200ADE303 /* LaunchScreen.storyboard */,
				3F13C76E1E65884200ADE303 /* Info.plist */,
			);
			path = IOT;
			sourceTree = "<group>";
		};
		3F13C7761E65884200ADE303 /* IOTTests */ = {
			isa = PBXGroup;
			children = (
				3F13C7771E65884200ADE303 /* IOTTests.swift */,
				3F13C7791E65884200ADE303 /* Info.plist */,
			);
			path = IOTTests;
			sourceTree = "<group>";
		};
		3F13C7811E65884200ADE303 /* IOTUITests */ = {
			isa = PBXGroup;
			children = (
				3F13C7821E65884200ADE303 /* IOTUITests.swift */,
				3F13C7841E65884200ADE303 /* Info.plist */,
			);
			path = IOTUITests;
			sourceTree = "<group>";
		};
		3F325B1D1E68592E00204D3B /* ThirdParty */ = {
			isa = PBXGroup;
			children = (
				1B1C34D21E82710D00161873 /* HockeySDK-iOS */,
				1B3BD5DF1E69871E001087B2 /* SwiftR */,
				3F325B1E1E68592E00204D3B /* ATKit.framework */,
			);
			path = ThirdParty;
			sourceTree = "<group>";
		};
/* End PBXGroup section */

/* Begin PBXNativeTarget section */
		3F13C75E1E65884100ADE303 /* IOT */ = {
			isa = PBXNativeTarget;
			buildConfigurationList = 3F13C7871E65884200ADE303 /* Build configuration list for PBXNativeTarget "IOT" */;
			buildPhases = (
				3F13C75B1E65884100ADE303 /* Sources */,
				3F13C75C1E65884100ADE303 /* Frameworks */,
				3F13C75D1E65884100ADE303 /* Resources */,
				3FA7FF821E699DBE0085AA34 /* Embed Frameworks */,
			);
			buildRules = (
			);
			dependencies = (
			);
			name = IOT;
			productName = IOT;
			productReference = 3F13C75F1E65884200ADE303 /* IOT.app */;
			productType = "com.apple.product-type.application";
		};
		3F13C7721E65884200ADE303 /* IOTTests */ = {
			isa = PBXNativeTarget;
			buildConfigurationList = 3F13C78A1E65884200ADE303 /* Build configuration list for PBXNativeTarget "IOTTests" */;
			buildPhases = (
				3F13C76F1E65884200ADE303 /* Sources */,
				3F13C7701E65884200ADE303 /* Frameworks */,
				3F13C7711E65884200ADE303 /* Resources */,
			);
			buildRules = (
			);
			dependencies = (
				3F13C7751E65884200ADE303 /* PBXTargetDependency */,
			);
			name = IOTTests;
			productName = IOTTests;
			productReference = 3F13C7731E65884200ADE303 /* IOTTests.xctest */;
			productType = "com.apple.product-type.bundle.unit-test";
		};
		3F13C77D1E65884200ADE303 /* IOTUITests */ = {
			isa = PBXNativeTarget;
			buildConfigurationList = 3F13C78D1E65884200ADE303 /* Build configuration list for PBXNativeTarget "IOTUITests" */;
			buildPhases = (
				3F13C77A1E65884200ADE303 /* Sources */,
				3F13C77B1E65884200ADE303 /* Frameworks */,
				3F13C77C1E65884200ADE303 /* Resources */,
			);
			buildRules = (
			);
			dependencies = (
				3F13C7801E65884200ADE303 /* PBXTargetDependency */,
			);
			name = IOTUITests;
			productName = IOTUITests;
			productReference = 3F13C77E1E65884200ADE303 /* IOTUITests.xctest */;
			productType = "com.apple.product-type.bundle.ui-testing";
		};
/* End PBXNativeTarget section */

/* Begin PBXProject section */
		3F13C7571E65884100ADE303 /* Project object */ = {
			isa = PBXProject;
			attributes = {
				LastSwiftUpdateCheck = 0820;
				LastUpgradeCheck = 0820;
				ORGANIZATIONNAME = Synechron;
				TargetAttributes = {
					3F13C75E1E65884100ADE303 = {
						CreatedOnToolsVersion = 8.2.1;
						DevelopmentTeam = N6ZJQTRK2Z;
						ProvisioningStyle = Manual;
					};
					3F13C7721E65884200ADE303 = {
						CreatedOnToolsVersion = 8.2.1;
						ProvisioningStyle = Automatic;
						TestTargetID = 3F13C75E1E65884100ADE303;
					};
					3F13C77D1E65884200ADE303 = {
						CreatedOnToolsVersion = 8.2.1;
						ProvisioningStyle = Automatic;
						TestTargetID = 3F13C75E1E65884100ADE303;
					};
				};
			};
			buildConfigurationList = 3F13C75A1E65884100ADE303 /* Build configuration list for PBXProject "IOT" */;
			compatibilityVersion = "Xcode 3.2";
			developmentRegion = English;
			hasScannedForEncodings = 0;
			knownRegions = (
				en,
				Base,
			);
			mainGroup = 3F13C7561E65884100ADE303;
			productRefGroup = 3F13C7601E65884200ADE303 /* Products */;
			projectDirPath = "";
			projectRoot = "";
			targets = (
				3F13C75E1E65884100ADE303 /* IOT */,
				3F13C7721E65884200ADE303 /* IOTTests */,
				3F13C77D1E65884200ADE303 /* IOTUITests */,
			);
		};
/* End PBXProject section */

/* Begin PBXResourcesBuildPhase section */
		3F13C75D1E65884100ADE303 /* Resources */ = {
			isa = PBXResourcesBuildPhase;
			buildActionMask = 2147483647;
			files = (
				1B3BD5F11E69871E001087B2 /* jquery.signalr-2.0.2.min.js in Resources */,
				1B3BD5F01E69871E001087B2 /* jquery.signalr-2.0.1.min.js in Resources */,
				1B1C34D61E82710D00161873 /* HockeySDKResources.bundle in Resources */,
				3F13C76D1E65884200ADE303 /* LaunchScreen.storyboard in Resources */,
				1B3BD5F41E69871E001087B2 /* jquery.signalr-2.1.1.min.js in Resources */,
				1B3BD5F71E69871E001087B2 /* jquery.signalr-2.2.1.min.js in Resources */,
				3F13C76A1E65884200ADE303 /* Assets.xcassets in Resources */,
				1B3BD5F31E69871E001087B2 /* jquery.signalr-2.1.0.min.js in Resources */,
				1B3BD5F81E69871E001087B2 /* SwiftR.js in Resources */,
				1B3BD5F51E69871E001087B2 /* jquery.signalr-2.1.2.min.js in Resources */,
				1B3BD5F21E69871E001087B2 /* jquery.signalr-2.0.3.min.js in Resources */,
				3F13C7681E65884200ADE303 /* Main.storyboard in Resources */,
				1B3BD5EF1E69871E001087B2 /* jquery.signalr-2.0.0.min.js in Resources */,
				1B3BD5EE1E69871E001087B2 /* jquery-2.1.3.min.js in Resources */,
				1B3BD5F61E69871E001087B2 /* jquery.signalr-2.2.0.min.js in Resources */,
			);
			runOnlyForDeploymentPostprocessing = 0;
		};
		3F13C7711E65884200ADE303 /* Resources */ = {
			isa = PBXResourcesBuildPhase;
			buildActionMask = 2147483647;
			files = (
			);
			runOnlyForDeploymentPostprocessing = 0;
		};
		3F13C77C1E65884200ADE303 /* Resources */ = {
			isa = PBXResourcesBuildPhase;
			buildActionMask = 2147483647;
			files = (
			);
			runOnlyForDeploymentPostprocessing = 0;
		};
/* End PBXResourcesBuildPhase section */

/* Begin PBXSourcesBuildPhase section */
		3F13C75B1E65884100ADE303 /* Sources */ = {
			isa = PBXSourcesBuildPhase;
			buildActionMask = 2147483647;
			files = (
				1BEA51351E66B841003492A6 /* BasicInfoModel.swift in Sources */,
				3F119AAF1E66F4420070F585 /* BasicInformationTableCellView.swift in Sources */,
				3F119AB31E67072C0070F585 /* SensorEventTableCellView.swift in Sources */,
				1B3BD5A41E67FF5B001087B2 /* HistoryTableCellView.swift in Sources */,
				1B3BD5A61E6804F9001087B2 /* History.swift in Sources */,
				3F13C7931E658AF500ADE303 /* GpsController.swift in Sources */,
				3F13C7911E658AE700ADE303 /* TemperatureController.swift in Sources */,
				3F13C7651E65884200ADE303 /* TabController.swift in Sources */,
				1B3BD5ED1E69871E001087B2 /* SwiftR.swift in Sources */,
				1BEA51331E65B525003492A6 /* BasicInfoTableCellView.swift in Sources */,
				1B3BD5FA1E698816001087B2 /* SignalRManager.swift in Sources */,
				3F13C7631E65884200ADE303 /* AppDelegate.swift in Sources */,
				3F119AAD1E66F3990070F585 /* SensorEvent.swift in Sources */,
				3F119AB11E66F7400070F585 /* DataAdapter.swift in Sources */,
			);
			runOnlyForDeploymentPostprocessing = 0;
		};
		3F13C76F1E65884200ADE303 /* Sources */ = {
			isa = PBXSourcesBuildPhase;
			buildActionMask = 2147483647;
			files = (
				3F13C7781E65884200ADE303 /* IOTTests.swift in Sources */,
			);
			runOnlyForDeploymentPostprocessing = 0;
		};
		3F13C77A1E65884200ADE303 /* Sources */ = {
			isa = PBXSourcesBuildPhase;
			buildActionMask = 2147483647;
			files = (
				3F13C7831E65884200ADE303 /* IOTUITests.swift in Sources */,
			);
			runOnlyForDeploymentPostprocessing = 0;
		};
/* End PBXSourcesBuildPhase section */

/* Begin PBXTargetDependency section */
		3F13C7751E65884200ADE303 /* PBXTargetDependency */ = {
			isa = PBXTargetDependency;
			target = 3F13C75E1E65884100ADE303 /* IOT */;
			targetProxy = 3F13C7741E65884200ADE303 /* PBXContainerItemProxy */;
		};
		3F13C7801E65884200ADE303 /* PBXTargetDependency */ = {
			isa = PBXTargetDependency;
			target = 3F13C75E1E65884100ADE303 /* IOT */;
			targetProxy = 3F13C77F1E65884200ADE303 /* PBXContainerItemProxy */;
		};
/* End PBXTargetDependency section */

/* Begin PBXVariantGroup section */
		3F13C7661E65884200ADE303 /* Main.storyboard */ = {
			isa = PBXVariantGroup;
			children = (
				3F13C7671E65884200ADE303 /* Base */,
			);
			name = Main.storyboard;
			sourceTree = "<group>";
		};
		3F13C76B1E65884200ADE303 /* LaunchScreen.storyboard */ = {
			isa = PBXVariantGroup;
			children = (
				3F13C76C1E65884200ADE303 /* Base */,
			);
			name = LaunchScreen.storyboard;
			sourceTree = "<group>";
		};
/* End PBXVariantGroup section */

/* Begin XCBuildConfiguration section */
		3F13C7851E65884200ADE303 /* Debug */ = {
			isa = XCBuildConfiguration;
			buildSettings = {
				ALWAYS_SEARCH_USER_PATHS = NO;
				CLANG_ANALYZER_NONNULL = YES;
				CLANG_CXX_LANGUAGE_STANDARD = "gnu++0x";
				CLANG_CXX_LIBRARY = "libc++";
				CLANG_ENABLE_MODULES = YES;
				CLANG_ENABLE_OBJC_ARC = YES;
				CLANG_WARN_BOOL_CONVERSION = YES;
				CLANG_WARN_CONSTANT_CONVERSION = YES;
				CLANG_WARN_DIRECT_OBJC_ISA_USAGE = YES_ERROR;
				CLANG_WARN_DOCUMENTATION_COMMENTS = YES;
				CLANG_WARN_EMPTY_BODY = YES;
				CLANG_WARN_ENUM_CONVERSION = YES;
				CLANG_WARN_INFINITE_RECURSION = YES;
				CLANG_WARN_INT_CONVERSION = YES;
				CLANG_WARN_OBJC_ROOT_CLASS = YES_ERROR;
				CLANG_WARN_SUSPICIOUS_MOVE = YES;
				CLANG_WARN_UNREACHABLE_CODE = YES;
				CLANG_WARN__DUPLICATE_METHOD_MATCH = YES;
				"CODE_SIGN_IDENTITY[sdk=iphoneos*]" = "iPhone Developer";
				COPY_PHASE_STRIP = NO;
				DEBUG_INFORMATION_FORMAT = dwarf;
				ENABLE_STRICT_OBJC_MSGSEND = YES;
				ENABLE_TESTABILITY = YES;
				GCC_C_LANGUAGE_STANDARD = gnu99;
				GCC_DYNAMIC_NO_PIC = NO;
				GCC_NO_COMMON_BLOCKS = YES;
				GCC_OPTIMIZATION_LEVEL = 0;
				GCC_PREPROCESSOR_DEFINITIONS = (
					"DEBUG=1",
					"$(inherited)",
				);
				GCC_WARN_64_TO_32_BIT_CONVERSION = YES;
				GCC_WARN_ABOUT_RETURN_TYPE = YES_ERROR;
				GCC_WARN_UNDECLARED_SELECTOR = YES;
				GCC_WARN_UNINITIALIZED_AUTOS = YES_AGGRESSIVE;
				GCC_WARN_UNUSED_FUNCTION = YES;
				GCC_WARN_UNUSED_VARIABLE = YES;
				IPHONEOS_DEPLOYMENT_TARGET = 10.2;
				MTL_ENABLE_DEBUG_INFO = YES;
				ONLY_ACTIVE_ARCH = YES;
				SDKROOT = iphoneos;
				SWIFT_ACTIVE_COMPILATION_CONDITIONS = DEBUG;
				SWIFT_OPTIMIZATION_LEVEL = "-Onone";
				TARGETED_DEVICE_FAMILY = "1,2";
			};
			name = Debug;
		};
		3F13C7861E65884200ADE303 /* Release */ = {
			isa = XCBuildConfiguration;
			buildSettings = {
				ALWAYS_SEARCH_USER_PATHS = NO;
				CLANG_ANALYZER_NONNULL = YES;
				CLANG_CXX_LANGUAGE_STANDARD = "gnu++0x";
				CLANG_CXX_LIBRARY = "libc++";
				CLANG_ENABLE_MODULES = YES;
				CLANG_ENABLE_OBJC_ARC = YES;
				CLANG_WARN_BOOL_CONVERSION = YES;
				CLANG_WARN_CONSTANT_CONVERSION = YES;
				CLANG_WARN_DIRECT_OBJC_ISA_USAGE = YES_ERROR;
				CLANG_WARN_DOCUMENTATION_COMMENTS = YES;
				CLANG_WARN_EMPTY_BODY = YES;
				CLANG_WARN_ENUM_CONVERSION = YES;
				CLANG_WARN_INFINITE_RECURSION = YES;
				CLANG_WARN_INT_CONVERSION = YES;
				CLANG_WARN_OBJC_ROOT_CLASS = YES_ERROR;
				CLANG_WARN_SUSPICIOUS_MOVE = YES;
				CLANG_WARN_UNREACHABLE_CODE = YES;
				CLANG_WARN__DUPLICATE_METHOD_MATCH = YES;
				"CODE_SIGN_IDENTITY[sdk=iphoneos*]" = "iPhone Developer";
				COPY_PHASE_STRIP = NO;
				DEBUG_INFORMATION_FORMAT = "dwarf-with-dsym";
				ENABLE_NS_ASSERTIONS = NO;
				ENABLE_STRICT_OBJC_MSGSEND = YES;
				GCC_C_LANGUAGE_STANDARD = gnu99;
				GCC_NO_COMMON_BLOCKS = YES;
				GCC_WARN_64_TO_32_BIT_CONVERSION = YES;
				GCC_WARN_ABOUT_RETURN_TYPE = YES_ERROR;
				GCC_WARN_UNDECLARED_SELECTOR = YES;
				GCC_WARN_UNINITIALIZED_AUTOS = YES_AGGRESSIVE;
				GCC_WARN_UNUSED_FUNCTION = YES;
				GCC_WARN_UNUSED_VARIABLE = YES;
				IPHONEOS_DEPLOYMENT_TARGET = 10.2;
				MTL_ENABLE_DEBUG_INFO = NO;
				SDKROOT = iphoneos;
				SWIFT_OPTIMIZATION_LEVEL = "-Owholemodule";
				TARGETED_DEVICE_FAMILY = "1,2";
				VALIDATE_PRODUCT = YES;
			};
			name = Release;
		};
		3F13C7881E65884200ADE303 /* Debug */ = {
			isa = XCBuildConfiguration;
			buildSettings = {
				ASSETCATALOG_COMPILER_APPICON_NAME = AppIcon;
				"CODE_SIGN_IDENTITY[sdk=iphoneos*]" = "iPhone Distribution";
				DEVELOPMENT_TEAM = N6ZJQTRK2Z;
				ENABLE_BITCODE = NO;
				FRAMEWORK_SEARCH_PATHS = (
					"$(inherited)",
					"$(PROJECT_DIR)/ThirdParty",
					"$(PROJECT_DIR)/IOT/ThirdParty",
					"$(PROJECT_DIR)/IOT/ThirdParty/HockeySDK-iOS",
				);
				INFOPLIST_FILE = IOT/Info.plist;
				IPHONEOS_DEPLOYMENT_TARGET = 8.0;
				LD_RUNPATH_SEARCH_PATHS = "$(inherited) @executable_path/Frameworks";
				PRODUCT_BUNDLE_IDENTIFIER = com.synechron.markel.iot;
				PRODUCT_NAME = "$(TARGET_NAME)";
				PROVISIONING_PROFILE = "a8b0e95a-3a57-467d-98ee-2c2b2f3753ea";
				PROVISIONING_PROFILE_SPECIFIER = SynechronMarkelProdProfile;
				SWIFT_VERSION = 3.0;
				TARGETED_DEVICE_FAMILY = 2;
			};
			name = Debug;
		};
		3F13C7891E65884200ADE303 /* Release */ = {
			isa = XCBuildConfiguration;
			buildSettings = {
				ASSETCATALOG_COMPILER_APPICON_NAME = AppIcon;
				"CODE_SIGN_IDENTITY[sdk=iphoneos*]" = "iPhone Distribution";
				DEVELOPMENT_TEAM = N6ZJQTRK2Z;
				ENABLE_BITCODE = NO;
				FRAMEWORK_SEARCH_PATHS = (
					"$(inherited)",
					"$(PROJECT_DIR)/ThirdParty",
					"$(PROJECT_DIR)/IOT/ThirdParty",
					"$(PROJECT_DIR)/IOT/ThirdParty/HockeySDK-iOS",
				);
				INFOPLIST_FILE = IOT/Info.plist;
				IPHONEOS_DEPLOYMENT_TARGET = 8.0;
				LD_RUNPATH_SEARCH_PATHS = "$(inherited) @executable_path/Frameworks";
				PRODUCT_BUNDLE_IDENTIFIER = com.synechron.markel.iot;
				PRODUCT_NAME = "$(TARGET_NAME)";
				PROVISIONING_PROFILE = "a8b0e95a-3a57-467d-98ee-2c2b2f3753ea";
				PROVISIONING_PROFILE_SPECIFIER = SynechronMarkelProdProfile;
				SWIFT_VERSION = 3.0;
				TARGETED_DEVICE_FAMILY = 2;
			};
			name = Release;
		};
		3F13C78B1E65884200ADE303 /* Debug */ = {
			isa = XCBuildConfiguration;
			buildSettings = {
				ALWAYS_EMBED_SWIFT_STANDARD_LIBRARIES = YES;
				BUNDLE_LOADER = "$(TEST_HOST)";
				INFOPLIST_FILE = IOTTests/Info.plist;
				LD_RUNPATH_SEARCH_PATHS = "$(inherited) @executable_path/Frameworks @loader_path/Frameworks";
				PRODUCT_BUNDLE_IDENTIFIER = com.synechron.markel.iot.IOTTests;
				PRODUCT_NAME = "$(TARGET_NAME)";
				SWIFT_VERSION = 3.0;
				TEST_HOST = "$(BUILT_PRODUCTS_DIR)/IOT.app/IOT";
			};
			name = Debug;
		};
		3F13C78C1E65884200ADE303 /* Release */ = {
			isa = XCBuildConfiguration;
			buildSettings = {
				ALWAYS_EMBED_SWIFT_STANDARD_LIBRARIES = YES;
				BUNDLE_LOADER = "$(TEST_HOST)";
				INFOPLIST_FILE = IOTTests/Info.plist;
				LD_RUNPATH_SEARCH_PATHS = "$(inherited) @executable_path/Frameworks @loader_path/Frameworks";
				PRODUCT_BUNDLE_IDENTIFIER = com.synechron.markel.iot.IOTTests;
				PRODUCT_NAME = "$(TARGET_NAME)";
				SWIFT_VERSION = 3.0;
				TEST_HOST = "$(BUILT_PRODUCTS_DIR)/IOT.app/IOT";
			};
			name = Release;
		};
		3F13C78E1E65884200ADE303 /* Debug */ = {
			isa = XCBuildConfiguration;
			buildSettings = {
				ALWAYS_EMBED_SWIFT_STANDARD_LIBRARIES = YES;
				INFOPLIST_FILE = IOTUITests/Info.plist;
				LD_RUNPATH_SEARCH_PATHS = "$(inherited) @executable_path/Frameworks @loader_path/Frameworks";
				PRODUCT_BUNDLE_IDENTIFIER = com.synechron.markel.iot.IOTUITests;
				PRODUCT_NAME = "$(TARGET_NAME)";
				SWIFT_VERSION = 3.0;
				TEST_TARGET_NAME = IOT;
			};
			name = Debug;
		};
		3F13C78F1E65884200ADE303 /* Release */ = {
			isa = XCBuildConfiguration;
			buildSettings = {
				ALWAYS_EMBED_SWIFT_STANDARD_LIBRARIES = YES;
				INFOPLIST_FILE = IOTUITests/Info.plist;
				LD_RUNPATH_SEARCH_PATHS = "$(inherited) @executable_path/Frameworks @loader_path/Frameworks";
				PRODUCT_BUNDLE_IDENTIFIER = com.synechron.markel.iot.IOTUITests;
				PRODUCT_NAME = "$(TARGET_NAME)";
				SWIFT_VERSION = 3.0;
				TEST_TARGET_NAME = IOT;
			};
			name = Release;
		};
/* End XCBuildConfiguration section */

/* Begin XCConfigurationList section */
		3F13C75A1E65884100ADE303 /* Build configuration list for PBXProject "IOT" */ = {
			isa = XCConfigurationList;
			buildConfigurations = (
				3F13C7851E65884200ADE303 /* Debug */,
				3F13C7861E65884200ADE303 /* Release */,
			);
			defaultConfigurationIsVisible = 0;
			defaultConfigurationName = Release;
		};
		3F13C7871E65884200ADE303 /* Build configuration list for PBXNativeTarget "IOT" */ = {
			isa = XCConfigurationList;
			buildConfigurations = (
				3F13C7881E65884200ADE303 /* Debug */,
				3F13C7891E65884200ADE303 /* Release */,
			);
			defaultConfigurationIsVisible = 0;
			defaultConfigurationName = Release;
		};
		3F13C78A1E65884200ADE303 /* Build configuration list for PBXNativeTarget "IOTTests" */ = {
			isa = XCConfigurationList;
			buildConfigurations = (
				3F13C78B1E65884200ADE303 /* Debug */,
				3F13C78C1E65884200ADE303 /* Release */,
			);
			defaultConfigurationIsVisible = 0;
			defaultConfigurationName = Release;
		};
		3F13C78D1E65884200ADE303 /* Build configuration list for PBXNativeTarget "IOTUITests" */ = {
			isa = XCConfigurationList;
			buildConfigurations = (
				3F13C78E1E65884200ADE303 /* Debug */,
				3F13C78F1E65884200ADE303 /* Release */,
			);
			defaultConfigurationIsVisible = 0;
			defaultConfigurationName = Release;
		};
/* End XCConfigurationList section */
	};
	rootObject = 3F13C7571E65884100ADE303 /* Project object */;
}
